
Microsoft Visual Studio Solution File, Format Version 12.00
# Visual Studio Version 17
VisualStudioVersion = 17.2.32602.215
MinimumVisualStudioVersion = 10.0.40219.1
Project("{9A19103F-16F7-4668-BE54-9A1E7A4F7556}") = "Core", "Core\Core.csproj", "{2B77C452-6F5B-4899-A8D2-DDF9D557E489}"
EndProject
Project("{9A19103F-16F7-4668-BE54-9A1E7A4F7556}") = "Business", "Business\Business.csproj", "{D5D7DBF3-5C55-46BB-9F3D-4CD14C9A4284}"
EndProject
Project("{9A19103F-16F7-4668-BE54-9A1E7A4F7556}") = "DataAccess", "DataAccess\DataAccess.csproj", "{AF2ABD96-18D9-4359-A4D8-ADE1C82724EE}"
EndProject
Project("{9A19103F-16F7-4668-BE54-9A1E7A4F7556}") = "Entities", "Entities\Entities.csproj", "{C3A93193-D2D8-49D3-97F3-BD8A0002C701}"
EndProject
Project("{9A19103F-16F7-4668-BE54-9A1E7A4F7556}") = "ConsoleUI", "ConsoleUI\ConsoleUI.csproj", "{EA1E642E-F848-406D-A4FF-29578CFF5077}"
EndProject
Project("{9A19103F-16F7-4668-BE54-9A1E7A4F7556}") = "WebAPI", "WebAPI\WebAPI.csproj", "{72898A4B-F6E5-4356-8ECD-CA85AB788CCA}"
EndProject
Project("{9A19103F-16F7-4668-BE54-9A1E7A4F7556}") = "BakeryAppUI", "BakeryAppUI\BakeryAppUI.csproj", "{00836AD8-6313-402A-BD2B-840E39FDB224}"
EndProject
Project("{2150E333-8FDC-42A3-9474-1A3956D46DE8}") = ".github", ".github", "{2D4A8F87-618F-4093-A147-61DEF5E8B6AC}"
EndProject
Project("{2150E333-8FDC-42A3-9474-1A3956D46DE8}") = "workflows", "workflows", "{68B59005-90A5-4E9A-A1D1-13DD682254A7}"
	ProjectSection(SolutionItems) = preProject
		build.yml = build.yml
	EndProjectSection
EndProject
Global
	GlobalSection(SolutionConfigurationPlatforms) = preSolution
		Debug|Any CPU = Debug|Any CPU
		Release|Any CPU = Release|Any CPU
	EndGlobalSection
	GlobalSection(ProjectConfigurationPlatforms) = postSolution
		{2B77C452-6F5B-4899-A8D2-DDF9D557E489}.Debug|Any CPU.ActiveCfg = Debug|Any CPU
		{2B77C452-6F5B-4899-A8D2-DDF9D557E489}.Debug|Any CPU.Build.0 = Debug|Any CPU
		{2B77C452-6F5B-4899-A8D2-DDF9D557E489}.Release|Any CPU.ActiveCfg = Release|Any CPU
		{2B77C452-6F5B-4899-A8D2-DDF9D557E489}.Release|Any CPU.Build.0 = Release|Any CPU
		{D5D7DBF3-5C55-46BB-9F3D-4CD14C9A4284}.Debug|Any CPU.ActiveCfg = Debug|Any CPU
		{D5D7DBF3-5C55-46BB-9F3D-4CD14C9A4284}.Debug|Any CPU.Build.0 = Debug|Any CPU
		{D5D7DBF3-5C55-46BB-9F3D-4CD14C9A4284}.Release|Any CPU.ActiveCfg = Release|Any CPU
		{D5D7DBF3-5C55-46BB-9F3D-4CD14C9A4284}.Release|Any CPU.Build.0 = Release|Any CPU
		{AF2ABD96-18D9-4359-A4D8-ADE1C82724EE}.Debug|Any CPU.ActiveCfg = Debug|Any CPU
		{AF2ABD96-18D9-4359-A4D8-ADE1C82724EE}.Debug|Any CPU.Build.0 = Debug|Any CPU
		{AF2ABD96-18D9-4359-A4D8-ADE1C82724EE}.Release|Any CPU.ActiveCfg = Release|Any CPU
		{AF2ABD96-18D9-4359-A4D8-ADE1C82724EE}.Release|Any CPU.Build.0 = Release|Any CPU
		{C3A93193-D2D8-49D3-97F3-BD8A0002C701}.Debug|Any CPU.ActiveCfg = Debug|Any CPU
		{C3A93193-D2D8-49D3-97F3-BD8A0002C701}.Debug|Any CPU.Build.0 = Debug|Any CPU
		{C3A93193-D2D8-49D3-97F3-BD8A0002C701}.Release|Any CPU.ActiveCfg = Release|Any CPU
		{C3A93193-D2D8-49D3-97F3-BD8A0002C701}.Release|Any CPU.Build.0 = Release|Any CPU
		{EA1E642E-F848-406D-A4FF-29578CFF5077}.Debug|Any CPU.ActiveCfg = Debug|Any CPU
		{EA1E642E-F848-406D-A4FF-29578CFF5077}.Debug|Any CPU.Build.0 = Debug|Any CPU
		{EA1E642E-F848-406D-A4FF-29578CFF5077}.Release|Any CPU.ActiveCfg = Release|Any CPU
		{EA1E642E-F848-406D-A4FF-29578CFF5077}.Release|Any CPU.Build.0 = Release|Any CPU
		{72898A4B-F6E5-4356-8ECD-CA85AB788CCA}.Debug|Any CPU.ActiveCfg = Debug|Any CPU
		{72898A4B-F6E5-4356-8ECD-CA85AB788CCA}.Debug|Any CPU.Build.0 = Debug|Any CPU
		{72898A4B-F6E5-4356-8ECD-CA85AB788CCA}.Release|Any CPU.ActiveCfg = Release|Any CPU
		{72898A4B-F6E5-4356-8ECD-CA85AB788CCA}.Release|Any CPU.Build.0 = Release|Any CPU
		{00836AD8-6313-402A-BD2B-840E39FDB224}.Debug|Any CPU.ActiveCfg = Debug|Any CPU
		{00836AD8-6313-402A-BD2B-840E39FDB224}.Debug|Any CPU.Build.0 = Debug|Any CPU
		{00836AD8-6313-402A-BD2B-840E39FDB224}.Release|Any CPU.ActiveCfg = Release|Any CPU
		{00836AD8-6313-402A-BD2B-840E39FDB224}.Release|Any CPU.Build.0 = Release|Any CPU
	EndGlobalSection
	GlobalSection(SolutionProperties) = preSolution
		HideSolutionNode = FALSE
	EndGlobalSection
	GlobalSection(NestedProjects) = preSolution
		{68B59005-90A5-4E9A-A1D1-13DD682254A7} = {2D4A8F87-618F-4093-A147-61DEF5E8B6AC}
	EndGlobalSection
	GlobalSection(ExtensibilityGlobals) = postSolution
		SolutionGuid = {9A7BB135-CBB3-435A-A2D9-9D17E682F859}
	EndGlobalSection
EndGlobal
